
Microsoft Visual Studio Solution File, Format Version 12.00
# Visual Studio 14
VisualStudioVersion = 14.0.25420.1
MinimumVisualStudioVersion = 10.0.40219.1
Project("{FAE04EC0-301F-11D3-BF4B-00C04F79EFBC}") = "LeerPedido", "LeerPedido\LeerPedido.csproj", "{F9421509-3DDB-4D28-B225-65EF61D51BE9}"
EndProject
Project("{FAE04EC0-301F-11D3-BF4B-00C04F79EFBC}") = "WebServices", "Servicios\WebServices.csproj", "{99D40EE0-4ED8-45B6-A7C6-C253066B5A8C}"
EndProject
Global
	GlobalSection(SolutionConfigurationPlatforms) = preSolution
		Debug|Any CPU = Debug|Any CPU
		Release|Any CPU = Release|Any CPU
	EndGlobalSection
	GlobalSection(ProjectConfigurationPlatforms) = postSolution
		{F9421509-3DDB-4D28-B225-65EF61D51BE9}.Debug|Any CPU.ActiveCfg = Debug|Any CPU
		{F9421509-3DDB-4D28-B225-65EF61D51BE9}.Debug|Any CPU.Build.0 = Debug|Any CPU
		{F9421509-3DDB-4D28-B225-65EF61D51BE9}.Release|Any CPU.ActiveCfg = Release|Any CPU
		{F9421509-3DDB-4D28-B225-65EF61D51BE9}.Release|Any CPU.Build.0 = Release|Any CPU
		{99D40EE0-4ED8-45B6-A7C6-C253066B5A8C}.Debug|Any CPU.ActiveCfg = Debug|Any CPU
		{99D40EE0-4ED8-45B6-A7C6-C253066B5A8C}.Debug|Any CPU.Build.0 = Debug|Any CPU
		{99D40EE0-4ED8-45B6-A7C6-C253066B5A8C}.Release|Any CPU.ActiveCfg = Release|Any CPU
		{99D40EE0-4ED8-45B6-A7C6-C253066B5A8C}.Release|Any CPU.Build.0 = Release|Any CPU
	EndGlobalSection
	GlobalSection(SolutionProperties) = preSolution
		HideSolutionNode = FALSE
	EndGlobalSection
EndGlobal
