
Microsoft Visual Studio Solution File, Format Version 12.00
# Visual Studio 14
VisualStudioVersion = 14.0.25420.1
MinimumVisualStudioVersion = 10.0.40219.1
Project("{FAE04EC0-301F-11D3-BF4B-00C04F79EFBC}") = "ImpresionEtiquetas1", "ImpresionEtiquetas1\ImpresionEtiquetas1.csproj", "{2A14171B-2485-4EB0-8EB8-2F89111CB53D}"
EndProject
Project("{FAE04EC0-301F-11D3-BF4B-00C04F79EFBC}") = "WinImpresionEtiqueta", "WinImpresionEtiqueta\WinImpresionEtiqueta.csproj", "{ED8F7988-DFE2-4ED9-A6A5-5201132D75D1}"
EndProject
Global
	GlobalSection(SolutionConfigurationPlatforms) = preSolution
		Debug|Any CPU = Debug|Any CPU
		Release|Any CPU = Release|Any CPU
	EndGlobalSection
	GlobalSection(ProjectConfigurationPlatforms) = postSolution
		{2A14171B-2485-4EB0-8EB8-2F89111CB53D}.Debug|Any CPU.ActiveCfg = Debug|Any CPU
		{2A14171B-2485-4EB0-8EB8-2F89111CB53D}.Debug|Any CPU.Build.0 = Debug|Any CPU
		{2A14171B-2485-4EB0-8EB8-2F89111CB53D}.Release|Any CPU.ActiveCfg = Release|Any CPU
		{2A14171B-2485-4EB0-8EB8-2F89111CB53D}.Release|Any CPU.Build.0 = Release|Any CPU
		{ED8F7988-DFE2-4ED9-A6A5-5201132D75D1}.Debug|Any CPU.ActiveCfg = Debug|Any CPU
		{ED8F7988-DFE2-4ED9-A6A5-5201132D75D1}.Debug|Any CPU.Build.0 = Debug|Any CPU
		{ED8F7988-DFE2-4ED9-A6A5-5201132D75D1}.Release|Any CPU.ActiveCfg = Release|Any CPU
		{ED8F7988-DFE2-4ED9-A6A5-5201132D75D1}.Release|Any CPU.Build.0 = Release|Any CPU
	EndGlobalSection
	GlobalSection(SolutionProperties) = preSolution
		HideSolutionNode = FALSE
	EndGlobalSection
EndGlobal
