
Microsoft Visual Studio Solution File, Format Version 12.00
# Visual Studio 14
VisualStudioVersion = 14.0.25420.1
MinimumVisualStudioVersion = 10.0.40219.1
Project("{FAE04EC0-301F-11D3-BF4B-00C04F79EFBC}") = "LogProcesos", "LogProcesos\LogProcesos.csproj", "{18FEFA7F-5E7F-4D3A-9337-97594C6426EA}"
EndProject
Project("{FAE04EC0-301F-11D3-BF4B-00C04F79EFBC}") = "ActDescuentos", "ActDescuentos\ActDescuentos.csproj", "{FBFA9D44-CFF2-4BD9-B193-03B8F1ECA26F}"
EndProject
Project("{FAE04EC0-301F-11D3-BF4B-00C04F79EFBC}") = "ActPrecios", "ActPrecios\ActPrecios.csproj", "{228C0372-54CB-4D53-94EC-BC13F2DFFD5E}"
EndProject
Project("{FAE04EC0-301F-11D3-BF4B-00C04F79EFBC}") = "ActStocks", "ActStocks\ActStocks.csproj", "{9FAFF3CA-5CB6-4926-A536-A694D33BDEC9}"
EndProject
Project("{FAE04EC0-301F-11D3-BF4B-00C04F79EFBC}") = "ActTrackings", "ActTracking\ActTrackings.csproj", "{B06E2913-576D-47B7-A5B2-31D9E39272AA}"
EndProject
Global
	GlobalSection(SolutionConfigurationPlatforms) = preSolution
		Debug|Any CPU = Debug|Any CPU
		Release|Any CPU = Release|Any CPU
	EndGlobalSection
	GlobalSection(ProjectConfigurationPlatforms) = postSolution
		{18FEFA7F-5E7F-4D3A-9337-97594C6426EA}.Debug|Any CPU.ActiveCfg = Debug|Any CPU
		{18FEFA7F-5E7F-4D3A-9337-97594C6426EA}.Debug|Any CPU.Build.0 = Debug|Any CPU
		{18FEFA7F-5E7F-4D3A-9337-97594C6426EA}.Release|Any CPU.ActiveCfg = Release|Any CPU
		{18FEFA7F-5E7F-4D3A-9337-97594C6426EA}.Release|Any CPU.Build.0 = Release|Any CPU
		{FBFA9D44-CFF2-4BD9-B193-03B8F1ECA26F}.Debug|Any CPU.ActiveCfg = Debug|Any CPU
		{FBFA9D44-CFF2-4BD9-B193-03B8F1ECA26F}.Debug|Any CPU.Build.0 = Debug|Any CPU
		{FBFA9D44-CFF2-4BD9-B193-03B8F1ECA26F}.Release|Any CPU.ActiveCfg = Release|Any CPU
		{FBFA9D44-CFF2-4BD9-B193-03B8F1ECA26F}.Release|Any CPU.Build.0 = Release|Any CPU
		{228C0372-54CB-4D53-94EC-BC13F2DFFD5E}.Debug|Any CPU.ActiveCfg = Debug|Any CPU
		{228C0372-54CB-4D53-94EC-BC13F2DFFD5E}.Debug|Any CPU.Build.0 = Debug|Any CPU
		{228C0372-54CB-4D53-94EC-BC13F2DFFD5E}.Release|Any CPU.ActiveCfg = Release|Any CPU
		{228C0372-54CB-4D53-94EC-BC13F2DFFD5E}.Release|Any CPU.Build.0 = Release|Any CPU
		{9FAFF3CA-5CB6-4926-A536-A694D33BDEC9}.Debug|Any CPU.ActiveCfg = Debug|Any CPU
		{9FAFF3CA-5CB6-4926-A536-A694D33BDEC9}.Debug|Any CPU.Build.0 = Debug|Any CPU
		{9FAFF3CA-5CB6-4926-A536-A694D33BDEC9}.Release|Any CPU.ActiveCfg = Release|Any CPU
		{9FAFF3CA-5CB6-4926-A536-A694D33BDEC9}.Release|Any CPU.Build.0 = Release|Any CPU
		{B06E2913-576D-47B7-A5B2-31D9E39272AA}.Debug|Any CPU.ActiveCfg = Debug|Any CPU
		{B06E2913-576D-47B7-A5B2-31D9E39272AA}.Debug|Any CPU.Build.0 = Debug|Any CPU
		{B06E2913-576D-47B7-A5B2-31D9E39272AA}.Release|Any CPU.ActiveCfg = Release|Any CPU
		{B06E2913-576D-47B7-A5B2-31D9E39272AA}.Release|Any CPU.Build.0 = Release|Any CPU
	EndGlobalSection
	GlobalSection(SolutionProperties) = preSolution
		HideSolutionNode = FALSE
	EndGlobalSection
EndGlobal
